{
  "name": "devfolio-html",
  "version": "1.0.0",
  "lockfileVersion": 3,
  "requires": true,
  "packages": {
    "": {
      "name": "devfolio-html",
      "version": "1.0.0",
      "license": "https://cruip.com/terms/",
      "devDependencies": {
        "@tailwindcss/forms": "^0.5.7",
        "tailwindcss": "^4.0.0"
      }
    },
    "node_modules/@tailwindcss/forms": {
      "version": "0.5.7",
      "resolved": "https://registry.npmjs.org/@tailwindcss/forms/-/forms-0.5.7.tgz",
      "integrity": "sha512-QE7X69iQI+ZXwldE+rzasvbJiyV/ju1FGHH0Qn2W3FKbuYtqp8LKcy6iSw79fVUT5/Vvf+0XgLCeYVG+UV6hOw==",
      "dev": true,
      "dependencies": {
        "mini-svg-data-uri": "^1.2.3"
      },
      "peerDependencies": {
        "tailwindcss": ">=3.0.0 || >= 3.0.0-alpha.1"
      }
    },
    "node_modules/mini-svg-data-uri": {
      "version": "1.4.4",
      "resolved": "https://registry.npmjs.org/mini-svg-data-uri/-/mini-svg-data-uri-1.4.4.tgz",
      "integrity": "sha512-r9deDe9p5FJUPZAk3A59wGH7Ii9YrjjWw0jmw/liSbHl2CHiyXj6FcDXDu2K3TjVAXqiJdaw3xxwlZZr9E6nHg==",
      "dev": true,
      "bin": {
        "mini-svg-data-uri": "cli.js"
      }
    },
    "node_modules/tailwindcss": {
      "version": "4.0.0",
      "resolved": "https://registry.npmjs.org/tailwindcss/-/tailwindcss-4.0.0.tgz",
      "integrity": "sha512-ULRPI3A+e39T7pSaf1xoi58AqqJxVCLg8F/uM5A3FadUbnyDTgltVnXJvdkTjwCOGA6NazqHVcwPJC5h2vRYVQ==",
      "dev": true,
      "license": "MIT"
    }
  }
}
